
Microsoft Visual Studio Solution File, Format Version 12.00
# Visual Studio Version 16
VisualStudioVersion = 16.0.32106.194
MinimumVisualStudioVersion = 10.0.40219.1
Project("{9A19103F-16F7-4668-BE54-9A1E7A4F7556}") = "Lab_11", "Lab_11.csproj", "{B0929508-2DBD-4CF5-95BA-628D46E30B7A}"
EndProject
Project("{9A19103F-16F7-4668-BE54-9A1E7A4F7556}") = "UnitTestCollections", "..\UnitTestCollections\UnitTestCollections.csproj", "{1A43396C-81A9-4399-AB97-2E5B0980ABF8}"
EndProject
Project("{FAE04EC0-301F-11D3-BF4B-00C04F79EFBC}") = "DocumentClassLibrary", "..\DocumentClassLibrary\DocumentClassLibrary.csproj", "{4FBD7EA5-3C1C-4146-9A20-CA076CAB46B0}"
EndProject
Global
	GlobalSection(SolutionConfigurationPlatforms) = preSolution
		Debug|Any CPU = Debug|Any CPU
		Release|Any CPU = Release|Any CPU
	EndGlobalSection
	GlobalSection(ProjectConfigurationPlatforms) = postSolution
		{B0929508-2DBD-4CF5-95BA-628D46E30B7A}.Debug|Any CPU.ActiveCfg = Debug|Any CPU
		{B0929508-2DBD-4CF5-95BA-628D46E30B7A}.Debug|Any CPU.Build.0 = Debug|Any CPU
		{B0929508-2DBD-4CF5-95BA-628D46E30B7A}.Release|Any CPU.ActiveCfg = Release|Any CPU
		{B0929508-2DBD-4CF5-95BA-628D46E30B7A}.Release|Any CPU.Build.0 = Release|Any CPU
		{1A43396C-81A9-4399-AB97-2E5B0980ABF8}.Debug|Any CPU.ActiveCfg = Debug|Any CPU
		{1A43396C-81A9-4399-AB97-2E5B0980ABF8}.Debug|Any CPU.Build.0 = Debug|Any CPU
		{1A43396C-81A9-4399-AB97-2E5B0980ABF8}.Release|Any CPU.ActiveCfg = Release|Any CPU
		{1A43396C-81A9-4399-AB97-2E5B0980ABF8}.Release|Any CPU.Build.0 = Release|Any CPU
		{4FBD7EA5-3C1C-4146-9A20-CA076CAB46B0}.Debug|Any CPU.ActiveCfg = Debug|Any CPU
		{4FBD7EA5-3C1C-4146-9A20-CA076CAB46B0}.Debug|Any CPU.Build.0 = Debug|Any CPU
		{4FBD7EA5-3C1C-4146-9A20-CA076CAB46B0}.Release|Any CPU.ActiveCfg = Release|Any CPU
		{4FBD7EA5-3C1C-4146-9A20-CA076CAB46B0}.Release|Any CPU.Build.0 = Release|Any CPU
	EndGlobalSection
	GlobalSection(SolutionProperties) = preSolution
		HideSolutionNode = FALSE
	EndGlobalSection
	GlobalSection(ExtensibilityGlobals) = postSolution
		SolutionGuid = {D08A3C48-E55F-4DE4-9DD4-AAB5EB1B179B}
	EndGlobalSection
EndGlobal
